// !$*UTF8*$!
{
	archiveVersion = 1;
	classes = {
	};
	objectVersion = 46;
	objects = {

/* Begin PBXBuildFile section */
		A23779A71D98CE1D00B7A16B /* schoolData.json in Resources */ = {isa = PBXBuildFile; fileRef = A23779A61D98CE1D00B7A16B /* schoolData.json */; };
		A23779AA1D98D0BB00B7A16B /* pinyin.m in Sources */ = {isa = PBXBuildFile; fileRef = A23779A91D98D0BB00B7A16B /* pinyin.m */; };
		A23779AD1D98F7A800B7A16B /* ProvinceCell.m in Sources */ = {isa = PBXBuildFile; fileRef = A23779AC1D98F7A800B7A16B /* ProvinceCell.m */; };
		A2BFEDBB1D98B88B00D217C2 /* main.m in Sources */ = {isa = PBXBuildFile; fileRef = A2BFEDBA1D98B88B00D217C2 /* main.m */; };
		A2BFEDBE1D98B88B00D217C2 /* AppDelegate.m in Sources */ = {isa = PBXBuildFile; fileRef = A2BFEDBD1D98B88B00D217C2 /* AppDelegate.m */; };
		A2BFEDC11D98B88B00D217C2 /* ViewController.m in Sources */ = {isa = PBXBuildFile; fileRef = A2BFEDC01D98B88B00D217C2 /* ViewController.m */; };
		A2BFEDC41D98B88B00D217C2 /* Main.storyboard in Resources */ = {isa = PBXBuildFile; fileRef = A2BFEDC21D98B88B00D217C2 /* Main.storyboard */; };
		A2BFEDC61D98B88B00D217C2 /* Assets.xcassets in Resources */ = {isa = PBXBuildFile; fileRef = A2BFEDC51D98B88B00D217C2 /* Assets.xcassets */; };
		A2BFEDC91D98B88B00D217C2 /* LaunchScreen.storyboard in Resources */ = {isa = PBXBuildFile; fileRef = A2BFEDC71D98B88B00D217C2 /* LaunchScreen.storyboard */; };
		A2BFEDD41D98B88B00D217C2 /* TableViewSelectTests.m in Sources */ = {isa = PBXBuildFile; fileRef = A2BFEDD31D98B88B00D217C2 /* TableViewSelectTests.m */; };
		A2BFEDDF1D98B88B00D217C2 /* TableViewSelectUITests.m in Sources */ = {isa = PBXBuildFile; fileRef = A2BFEDDE1D98B88B00D217C2 /* TableViewSelectUITests.m */; };
		A2BFEDF11D98C74F00D217C2 /* ProvinceShowVC.m in Sources */ = {isa = PBXBuildFile; fileRef = A2BFEDF01D98C74F00D217C2 /* ProvinceShowVC.m */; };
		A2BFEDF41D98C7BC00D217C2 /* ProvinceView.m in Sources */ = {isa = PBXBuildFile; fileRef = A2BFEDF31D98C7BC00D217C2 /* ProvinceView.m */; };
		A2BFEDF71D98C7D700D217C2 /* ProvinceModel.m in Sources */ = {isa = PBXBuildFile; fileRef = A2BFEDF61D98C7D700D217C2 /* ProvinceModel.m */; };
/* End PBXBuildFile section */

/* Begin PBXContainerItemProxy section */
		A2BFEDD01D98B88B00D217C2 /* PBXContainerItemProxy */ = {
			isa = PBXContainerItemProxy;
			containerPortal = A2BFEDAE1D98B88B00D217C2 /* Project object */;
			proxyType = 1;
			remoteGlobalIDString = A2BFEDB51D98B88B00D217C2;
			remoteInfo = TableViewSelect;
		};
		A2BFEDDB1D98B88B00D217C2 /* PBXContainerItemProxy */ = {
			isa = PBXContainerItemProxy;
			containerPortal = A2BFEDAE1D98B88B00D217C2 /* Project object */;
			proxyType = 1;
			remoteGlobalIDString = A2BFEDB51D98B88B00D217C2;
			remoteInfo = TableViewSelect;
		};
/* End PBXContainerItemProxy section */

/* Begin PBXFileReference section */
		A23779A61D98CE1D00B7A16B /* schoolData.json */ = {isa = PBXFileReference; fileEncoding = 4; lastKnownFileType = text.json; path = schoolData.json; sourceTree = "<group>"; };
		A23779A81D98D0BB00B7A16B /* pinyin.h */ = {isa = PBXFileReference; fileEncoding = 4; lastKnownFileType = sourcecode.c.h; path = pinyin.h; sourceTree = "<group>"; };
		A23779A91D98D0BB00B7A16B /* pinyin.m */ = {isa = PBXFileReference; fileEncoding = 4; lastKnownFileType = sourcecode.c.objc; path = pinyin.m; sourceTree = "<group>"; };
		A23779AB1D98F7A800B7A16B /* ProvinceCell.h */ = {isa = PBXFileReference; fileEncoding = 4; lastKnownFileType = sourcecode.c.h; path = ProvinceCell.h; sourceTree = "<group>"; };
		A23779AC1D98F7A800B7A16B /* ProvinceCell.m */ = {isa = PBXFileReference; fileEncoding = 4; lastKnownFileType = sourcecode.c.objc; path = ProvinceCell.m; sourceTree = "<group>"; };
		A2BFEDB61D98B88B00D217C2 /* TableViewSelect.app */ = {isa = PBXFileReference; explicitFileType = wrapper.application; includeInIndex = 0; path = TableViewSelect.app; sourceTree = BUILT_PRODUCTS_DIR; };
		A2BFEDBA1D98B88B00D217C2 /* main.m */ = {isa = PBXFileReference; lastKnownFileType = sourcecode.c.objc; path = main.m; sourceTree = "<group>"; };
		A2BFEDBC1D98B88B00D217C2 /* AppDelegate.h */ = {isa = PBXFileReference; lastKnownFileType = sourcecode.c.h; path = AppDelegate.h; sourceTree = "<group>"; };
		A2BFEDBD1D98B88B00D217C2 /* AppDelegate.m */ = {isa = PBXFileReference; lastKnownFileType = sourcecode.c.objc; path = AppDelegate.m; sourceTree = "<group>"; };
		A2BFEDBF1D98B88B00D217C2 /* ViewController.h */ = {isa = PBXFileReference; lastKnownFileType = sourcecode.c.h; path = ViewController.h; sourceTree = "<group>"; };
		A2BFEDC01D98B88B00D217C2 /* ViewController.m */ = {isa = PBXFileReference; lastKnownFileType = sourcecode.c.objc; path = ViewController.m; sourceTree = "<group>"; };
		A2BFEDC31D98B88B00D217C2 /* Base */ = {isa = PBXFileReference; lastKnownFileType = file.storyboard; name = Base; path = Base.lproj/Main.storyboard; sourceTree = "<group>"; };
		A2BFEDC51D98B88B00D217C2 /* Assets.xcassets */ = {isa = PBXFileReference; lastKnownFileType = folder.assetcatalog; path = Assets.xcassets; sourceTree = "<group>"; };
		A2BFEDC81D98B88B00D217C2 /* Base */ = {isa = PBXFileReference; lastKnownFileType = file.storyboard; name = Base; path = Base.lproj/LaunchScreen.storyboard; sourceTree = "<group>"; };
		A2BFEDCA1D98B88B00D217C2 /* Info.plist */ = {isa = PBXFileReference; lastKnownFileType = text.plist.xml; path = Info.plist; sourceTree = "<group>"; };
		A2BFEDCF1D98B88B00D217C2 /* TableViewSelectTests.xctest */ = {isa = PBXFileReference; explicitFileType = wrapper.cfbundle; includeInIndex = 0; path = TableViewSelectTests.xctest; sourceTree = BUILT_PRODUCTS_DIR; };
		A2BFEDD31D98B88B00D217C2 /* TableViewSelectTests.m */ = {isa = PBXFileReference; lastKnownFileType = sourcecode.c.objc; path = TableViewSelectTests.m; sourceTree = "<group>"; };
		A2BFEDD51D98B88B00D217C2 /* Info.plist */ = {isa = PBXFileReference; lastKnownFileType = text.plist.xml; path = Info.plist; sourceTree = "<group>"; };
		A2BFEDDA1D98B88B00D217C2 /* TableViewSelectUITests.xctest */ = {isa = PBXFileReference; explicitFileType = wrapper.cfbundle; includeInIndex = 0; path = TableViewSelectUITests.xctest; sourceTree = BUILT_PRODUCTS_DIR; };
		A2BFEDDE1D98B88B00D217C2 /* TableViewSelectUITests.m */ = {isa = PBXFileReference; lastKnownFileType = sourcecode.c.objc; path = TableViewSelectUITests.m; sourceTree = "<group>"; };
		A2BFEDE01D98B88B00D217C2 /* Info.plist */ = {isa = PBXFileReference; lastKnownFileType = text.plist.xml; path = Info.plist; sourceTree = "<group>"; };
		A2BFEDEF1D98C74F00D217C2 /* ProvinceShowVC.h */ = {isa = PBXFileReference; fileEncoding = 4; lastKnownFileType = sourcecode.c.h; path = ProvinceShowVC.h; sourceTree = "<group>"; };
		A2BFEDF01D98C74F00D217C2 /* ProvinceShowVC.m */ = {isa = PBXFileReference; fileEncoding = 4; lastKnownFileType = sourcecode.c.objc; path = ProvinceShowVC.m; sourceTree = "<group>"; };
		A2BFEDF21D98C7BC00D217C2 /* ProvinceView.h */ = {isa = PBXFileReference; fileEncoding = 4; lastKnownFileType = sourcecode.c.h; path = ProvinceView.h; sourceTree = "<group>"; };
		A2BFEDF31D98C7BC00D217C2 /* ProvinceView.m */ = {isa = PBXFileReference; fileEncoding = 4; lastKnownFileType = sourcecode.c.objc; path = ProvinceView.m; sourceTree = "<group>"; };
		A2BFEDF51D98C7D700D217C2 /* ProvinceModel.h */ = {isa = PBXFileReference; fileEncoding = 4; lastKnownFileType = sourcecode.c.h; path = ProvinceModel.h; sourceTree = "<group>"; };
		A2BFEDF61D98C7D700D217C2 /* ProvinceModel.m */ = {isa = PBXFileReference; fileEncoding = 4; lastKnownFileType = sourcecode.c.objc; path = ProvinceModel.m; sourceTree = "<group>"; };
/* End PBXFileReference section */

/* Begin PBXFrameworksBuildPhase section */
		A2BFEDB31D98B88B00D217C2 /* Frameworks */ = {
			isa = PBXFrameworksBuildPhase;
			buildActionMask = 2147483647;
			files = (
			);
			runOnlyForDeploymentPostprocessing = 0;
		};
		A2BFEDCC1D98B88B00D217C2 /* Frameworks */ = {
			isa = PBXFrameworksBuildPhase;
			buildActionMask = 2147483647;
			files = (
			);
			runOnlyForDeploymentPostprocessing = 0;
		};
		A2BFEDD71D98B88B00D217C2 /* Frameworks */ = {
			isa = PBXFrameworksBuildPhase;
			buildActionMask = 2147483647;
			files = (
			);
			runOnlyForDeploymentPostprocessing = 0;
		};
/* End PBXFrameworksBuildPhase section */

/* Begin PBXGroup section */
		A2BFEDAD1D98B88B00D217C2 = {
			isa = PBXGroup;
			children = (
				A2BFEDB81D98B88B00D217C2 /* TableViewSelect */,
				A2BFEDD21D98B88B00D217C2 /* TableViewSelectTests */,
				A2BFEDDD1D98B88B00D217C2 /* TableViewSelectUITests */,
				A2BFEDB71D98B88B00D217C2 /* Products */,
			);
			sourceTree = "<group>";
		};
		A2BFEDB71D98B88B00D217C2 /* Products */ = {
			isa = PBXGroup;
			children = (
				A2BFEDB61D98B88B00D217C2 /* TableViewSelect.app */,
				A2BFEDCF1D98B88B00D217C2 /* TableViewSelectTests.xctest */,
				A2BFEDDA1D98B88B00D217C2 /* TableViewSelectUITests.xctest */,
			);
			name = Products;
			sourceTree = "<group>";
		};
		A2BFEDB81D98B88B00D217C2 /* TableViewSelect */ = {
			isa = PBXGroup;
			children = (
				A2BFEDEE1D98B8E000D217C2 /* Model */,
				A2BFEDED1D98B8D800D217C2 /* View */,
				A2BFEDEC1D98B8C400D217C2 /* ViewController */,
				A2BFEDBC1D98B88B00D217C2 /* AppDelegate.h */,
				A2BFEDBD1D98B88B00D217C2 /* AppDelegate.m */,
				A2BFEDBF1D98B88B00D217C2 /* ViewController.h */,
				A2BFEDC01D98B88B00D217C2 /* ViewController.m */,
				A2BFEDC21D98B88B00D217C2 /* Main.storyboard */,
				A2BFEDC51D98B88B00D217C2 /* Assets.xcassets */,
				A2BFEDC71D98B88B00D217C2 /* LaunchScreen.storyboard */,
				A2BFEDCA1D98B88B00D217C2 /* Info.plist */,
				A2BFEDB91D98B88B00D217C2 /* Supporting Files */,
			);
			path = TableViewSelect;
			sourceTree = "<group>";
		};
		A2BFEDB91D98B88B00D217C2 /* Supporting Files */ = {
			isa = PBXGroup;
			children = (
				A23779A81D98D0BB00B7A16B /* pinyin.h */,
				A23779A91D98D0BB00B7A16B /* pinyin.m */,
				A23779A61D98CE1D00B7A16B /* schoolData.json */,
				A2BFEDBA1D98B88B00D217C2 /* main.m */,
			);
			name = "Supporting Files";
			sourceTree = "<group>";
		};
		A2BFEDD21D98B88B00D217C2 /* TableViewSelectTests */ = {
			isa = PBXGroup;
			children = (
				A2BFEDD31D98B88B00D217C2 /* TableViewSelectTests.m */,
				A2BFEDD51D98B88B00D217C2 /* Info.plist */,
			);
			path = TableViewSelectTests;
			sourceTree = "<group>";
		};
		A2BFEDDD1D98B88B00D217C2 /* TableViewSelectUITests */ = {
			isa = PBXGroup;
			children = (
				A2BFEDDE1D98B88B00D217C2 /* TableViewSelectUITests.m */,
				A2BFEDE01D98B88B00D217C2 /* Info.plist */,
			);
			path = TableViewSelectUITests;
			sourceTree = "<group>";
		};
		A2BFEDEC1D98B8C400D217C2 /* ViewController */ = {
			isa = PBXGroup;
			children = (
				A2BFEDEF1D98C74F00D217C2 /* ProvinceShowVC.h */,
				A2BFEDF01D98C74F00D217C2 /* ProvinceShowVC.m */,
			);
			name = ViewController;
			sourceTree = "<group>";
		};
		A2BFEDED1D98B8D800D217C2 /* View */ = {
			isa = PBXGroup;
			children = (
				A2BFEDF21D98C7BC00D217C2 /* ProvinceView.h */,
				A2BFEDF31D98C7BC00D217C2 /* ProvinceView.m */,
				A23779AB1D98F7A800B7A16B /* ProvinceCell.h */,
				A23779AC1D98F7A800B7A16B /* ProvinceCell.m */,
			);
			name = View;
			sourceTree = "<group>";
		};
		A2BFEDEE1D98B8E000D217C2 /* Model */ = {
			isa = PBXGroup;
			children = (
				A2BFEDF51D98C7D700D217C2 /* ProvinceModel.h */,
				A2BFEDF61D98C7D700D217C2 /* ProvinceModel.m */,
			);
			name = Model;
			sourceTree = "<group>";
		};
/* End PBXGroup section */

/* Begin PBXNativeTarget section */
		A2BFEDB51D98B88B00D217C2 /* TableViewSelect */ = {
			isa = PBXNativeTarget;
			buildConfigurationList = A2BFEDE31D98B88B00D217C2 /* Build configuration list for PBXNativeTarget "TableViewSelect" */;
			buildPhases = (
				A2BFEDB21D98B88B00D217C2 /* Sources */,
				A2BFEDB31D98B88B00D217C2 /* Frameworks */,
				A2BFEDB41D98B88B00D217C2 /* Resources */,
			);
			buildRules = (
			);
			dependencies = (
			);
			name = TableViewSelect;
			productName = TableViewSelect;
			productReference = A2BFEDB61D98B88B00D217C2 /* TableViewSelect.app */;
			productType = "com.apple.product-type.application";
		};
		A2BFEDCE1D98B88B00D217C2 /* TableViewSelectTests */ = {
			isa = PBXNativeTarget;
			buildConfigurationList = A2BFEDE61D98B88B00D217C2 /* Build configuration list for PBXNativeTarget "TableViewSelectTests" */;
			buildPhases = (
				A2BFEDCB1D98B88B00D217C2 /* Sources */,
				A2BFEDCC1D98B88B00D217C2 /* Frameworks */,
				A2BFEDCD1D98B88B00D217C2 /* Resources */,
			);
			buildRules = (
			);
			dependencies = (
				A2BFEDD11D98B88B00D217C2 /* PBXTargetDependency */,
			);
			name = TableViewSelectTests;
			productName = TableViewSelectTests;
			productReference = A2BFEDCF1D98B88B00D217C2 /* TableViewSelectTests.xctest */;
			productType = "com.apple.product-type.bundle.unit-test";
		};
		A2BFEDD91D98B88B00D217C2 /* TableViewSelectUITests */ = {
			isa = PBXNativeTarget;
			buildConfigurationList = A2BFEDE91D98B88B00D217C2 /* Build configuration list for PBXNativeTarget "TableViewSelectUITests" */;
			buildPhases = (
				A2BFEDD61D98B88B00D217C2 /* Sources */,
				A2BFEDD71D98B88B00D217C2 /* Frameworks */,
				A2BFEDD81D98B88B00D217C2 /* Resources */,
			);
			buildRules = (
			);
			dependencies = (
				A2BFEDDC1D98B88B00D217C2 /* PBXTargetDependency */,
			);
			name = TableViewSelectUITests;
			productName = TableViewSelectUITests;
			productReference = A2BFEDDA1D98B88B00D217C2 /* TableViewSelectUITests.xctest */;
			productType = "com.apple.product-type.bundle.ui-testing";
		};
/* End PBXNativeTarget section */

/* Begin PBXProject section */
		A2BFEDAE1D98B88B00D217C2 /* Project object */ = {
			isa = PBXProject;
			attributes = {
				LastUpgradeCheck = 0800;
				ORGANIZATIONNAME = dlt_zhanlijun;
				TargetAttributes = {
					A2BFEDB51D98B88B00D217C2 = {
						CreatedOnToolsVersion = 8.0;
						ProvisioningStyle = Automatic;
					};
					A2BFEDCE1D98B88B00D217C2 = {
						CreatedOnToolsVersion = 8.0;
						ProvisioningStyle = Automatic;
						TestTargetID = A2BFEDB51D98B88B00D217C2;
					};
					A2BFEDD91D98B88B00D217C2 = {
						CreatedOnToolsVersion = 8.0;
						ProvisioningStyle = Automatic;
						TestTargetID = A2BFEDB51D98B88B00D217C2;
					};
				};
			};
			buildConfigurationList = A2BFEDB11D98B88B00D217C2 /* Build configuration list for PBXProject "TableViewSelect" */;
			compatibilityVersion = "Xcode 3.2";
			developmentRegion = English;
			hasScannedForEncodings = 0;
			knownRegions = (
				en,
				Base,
			);
			mainGroup = A2BFEDAD1D98B88B00D217C2;
			productRefGroup = A2BFEDB71D98B88B00D217C2 /* Products */;
			projectDirPath = "";
			projectRoot = "";
			targets = (
				A2BFEDB51D98B88B00D217C2 /* TableViewSelect */,
				A2BFEDCE1D98B88B00D217C2 /* TableViewSelectTests */,
				A2BFEDD91D98B88B00D217C2 /* TableViewSelectUITests */,
			);
		};
/* End PBXProject section */

/* Begin PBXResourcesBuildPhase section */
		A2BFEDB41D98B88B00D217C2 /* Resources */ = {
			isa = PBXResourcesBuildPhase;
			buildActionMask = 2147483647;
			files = (
				A2BFEDC91D98B88B00D217C2 /* LaunchScreen.storyboard in Resources */,
				A23779A71D98CE1D00B7A16B /* schoolData.json in Resources */,
				A2BFEDC61D98B88B00D217C2 /* Assets.xcassets in Resources */,
				A2BFEDC41D98B88B00D217C2 /* Main.storyboard in Resources */,
			);
			runOnlyForDeploymentPostprocessing = 0;
		};
		A2BFEDCD1D98B88B00D217C2 /* Resources */ = {
			isa = PBXResourcesBuildPhase;
			buildActionMask = 2147483647;
			files = (
			);
			runOnlyForDeploymentPostprocessing = 0;
		};
		A2BFEDD81D98B88B00D217C2 /* Resources */ = {
			isa = PBXResourcesBuildPhase;
			buildActionMask = 2147483647;
			files = (
			);
			runOnlyForDeploymentPostprocessing = 0;
		};
/* End PBXResourcesBuildPhase section */

/* Begin PBXSourcesBuildPhase section */
		A2BFEDB21D98B88B00D217C2 /* Sources */ = {
			isa = PBXSourcesBuildPhase;
			buildActionMask = 2147483647;
			files = (
				A2BFEDC11D98B88B00D217C2 /* ViewController.m in Sources */,
				A23779AA1D98D0BB00B7A16B /* pinyin.m in Sources */,
				A2BFEDBE1D98B88B00D217C2 /* AppDelegate.m in Sources */,
				A2BFEDBB1D98B88B00D217C2 /* main.m in Sources */,
				A2BFEDF71D98C7D700D217C2 /* ProvinceModel.m in Sources */,
				A2BFEDF11D98C74F00D217C2 /* ProvinceShowVC.m in Sources */,
				A2BFEDF41D98C7BC00D217C2 /* ProvinceView.m in Sources */,
				A23779AD1D98F7A800B7A16B /* ProvinceCell.m in Sources */,
			);
			runOnlyForDeploymentPostprocessing = 0;
		};
		A2BFEDCB1D98B88B00D217C2 /* Sources */ = {
			isa = PBXSourcesBuildPhase;
			buildActionMask = 2147483647;
			files = (
				A2BFEDD41D98B88B00D217C2 /* TableViewSelectTests.m in Sources */,
			);
			runOnlyForDeploymentPostprocessing = 0;
		};
		A2BFEDD61D98B88B00D217C2 /* Sources */ = {
			isa = PBXSourcesBuildPhase;
			buildActionMask = 2147483647;
			files = (
				A2BFEDDF1D98B88B00D217C2 /* TableViewSelectUITests.m in Sources */,
			);
			runOnlyForDeploymentPostprocessing = 0;
		};
/* End PBXSourcesBuildPhase section */

/* Begin PBXTargetDependency section */
		A2BFEDD11D98B88B00D217C2 /* PBXTargetDependency */ = {
			isa = PBXTargetDependency;
			target = A2BFEDB51D98B88B00D217C2 /* TableViewSelect */;
			targetProxy = A2BFEDD01D98B88B00D217C2 /* PBXContainerItemProxy */;
		};
		A2BFEDDC1D98B88B00D217C2 /* PBXTargetDependency */ = {
			isa = PBXTargetDependency;
			target = A2BFEDB51D98B88B00D217C2 /* TableViewSelect */;
			targetProxy = A2BFEDDB1D98B88B00D217C2 /* PBXContainerItemProxy */;
		};
/* End PBXTargetDependency section */

/* Begin PBXVariantGroup section */
		A2BFEDC21D98B88B00D217C2 /* Main.storyboard */ = {
			isa = PBXVariantGroup;
			children = (
				A2BFEDC31D98B88B00D217C2 /* Base */,
			);
			name = Main.storyboard;
			sourceTree = "<group>";
		};
		A2BFEDC71D98B88B00D217C2 /* LaunchScreen.storyboard */ = {
			isa = PBXVariantGroup;
			children = (
				A2BFEDC81D98B88B00D217C2 /* Base */,
			);
			name = LaunchScreen.storyboard;
			sourceTree = "<group>";
		};
/* End PBXVariantGroup section */

/* Begin XCBuildConfiguration section */
		A2BFEDE11D98B88B00D217C2 /* Debug */ = {
			isa = XCBuildConfiguration;
			buildSettings = {
				ALWAYS_SEARCH_USER_PATHS = NO;
				CLANG_ANALYZER_NONNULL = YES;
				CLANG_CXX_LANGUAGE_STANDARD = "gnu++0x";
				CLANG_CXX_LIBRARY = "libc++";
				CLANG_ENABLE_MODULES = YES;
				CLANG_ENABLE_OBJC_ARC = YES;
				CLANG_WARN_BOOL_CONVERSION = YES;
				CLANG_WARN_CONSTANT_CONVERSION = YES;
				CLANG_WARN_DIRECT_OBJC_ISA_USAGE = YES_ERROR;
				CLANG_WARN_DOCUMENTATION_COMMENTS = YES;
				CLANG_WARN_EMPTY_BODY = YES;
				CLANG_WARN_ENUM_CONVERSION = YES;
				CLANG_WARN_INFINITE_RECURSION = YES;
				CLANG_WARN_INT_CONVERSION = YES;
				CLANG_WARN_OBJC_ROOT_CLASS = YES_ERROR;
				CLANG_WARN_SUSPICIOUS_MOVES = YES;
				CLANG_WARN_UNREACHABLE_CODE = YES;
				CLANG_WARN__DUPLICATE_METHOD_MATCH = YES;
				"CODE_SIGN_IDENTITY[sdk=iphoneos*]" = "iPhone Developer";
				COPY_PHASE_STRIP = NO;
				DEBUG_INFORMATION_FORMAT = dwarf;
				ENABLE_STRICT_OBJC_MSGSEND = YES;
				ENABLE_TESTABILITY = YES;
				GCC_C_LANGUAGE_STANDARD = gnu99;
				GCC_DYNAMIC_NO_PIC = NO;
				GCC_NO_COMMON_BLOCKS = YES;
				GCC_OPTIMIZATION_LEVEL = 0;
				GCC_PREPROCESSOR_DEFINITIONS = (
					"DEBUG=1",
					"$(inherited)",
				);
				GCC_WARN_64_TO_32_BIT_CONVERSION = YES;
				GCC_WARN_ABOUT_RETURN_TYPE = YES_ERROR;
				GCC_WARN_UNDECLARED_SELECTOR = YES;
				GCC_WARN_UNINITIALIZED_AUTOS = YES_AGGRESSIVE;
				GCC_WARN_UNUSED_FUNCTION = YES;
				GCC_WARN_UNUSED_VARIABLE = YES;
				IPHONEOS_DEPLOYMENT_TARGET = 10.0;
				MTL_ENABLE_DEBUG_INFO = YES;
				ONLY_ACTIVE_ARCH = YES;
				SDKROOT = iphoneos;
				TARGETED_DEVICE_FAMILY = "1,2";
			};
			name = Debug;
		};
		A2BFEDE21D98B88B00D217C2 /* Release */ = {
			isa = XCBuildConfiguration;
			buildSettings = {
				ALWAYS_SEARCH_USER_PATHS = NO;
				CLANG_ANALYZER_NONNULL = YES;
				CLANG_CXX_LANGUAGE_STANDARD = "gnu++0x";
				CLANG_CXX_LIBRARY = "libc++";
				CLANG_ENABLE_MODULES = YES;
				CLANG_ENABLE_OBJC_ARC = YES;
				CLANG_WARN_BOOL_CONVERSION = YES;
				CLANG_WARN_CONSTANT_CONVERSION = YES;
				CLANG_WARN_DIRECT_OBJC_ISA_USAGE = YES_ERROR;
				CLANG_WARN_DOCUMENTATION_COMMENTS = YES;
				CLANG_WARN_EMPTY_BODY = YES;
				CLANG_WARN_ENUM_CONVERSION = YES;
				CLANG_WARN_INFINITE_RECURSION = YES;
				CLANG_WARN_INT_CONVERSION = YES;
				CLANG_WARN_OBJC_ROOT_CLASS = YES_ERROR;
				CLANG_WARN_SUSPICIOUS_MOVES = YES;
				CLANG_WARN_UNREACHABLE_CODE = YES;
				CLANG_WARN__DUPLICATE_METHOD_MATCH = YES;
				"CODE_SIGN_IDENTITY[sdk=iphoneos*]" = "iPhone Developer";
				COPY_PHASE_STRIP = NO;
				DEBUG_INFORMATION_FORMAT = "dwarf-with-dsym";
				ENABLE_NS_ASSERTIONS = NO;
				ENABLE_STRICT_OBJC_MSGSEND = YES;
				GCC_C_LANGUAGE_STANDARD = gnu99;
				GCC_NO_COMMON_BLOCKS = YES;
				GCC_WARN_64_TO_32_BIT_CONVERSION = YES;
				GCC_WARN_ABOUT_RETURN_TYPE = YES_ERROR;
				GCC_WARN_UNDECLARED_SELECTOR = YES;
				GCC_WARN_UNINITIALIZED_AUTOS = YES_AGGRESSIVE;
				GCC_WARN_UNUSED_FUNCTION = YES;
				GCC_WARN_UNUSED_VARIABLE = YES;
				IPHONEOS_DEPLOYMENT_TARGET = 10.0;
				MTL_ENABLE_DEBUG_INFO = NO;
				SDKROOT = iphoneos;
				TARGETED_DEVICE_FAMILY = "1,2";
				VALIDATE_PRODUCT = YES;
			};
			name = Release;
		};
		A2BFEDE41D98B88B00D217C2 /* Debug */ = {
			isa = XCBuildConfiguration;
			buildSettings = {
				ASSETCATALOG_COMPILER_APPICON_NAME = AppIcon;
				INFOPLIST_FILE = TableViewSelect/Info.plist;
				LD_RUNPATH_SEARCH_PATHS = "$(inherited) @executable_path/Frameworks";
				PRODUCT_BUNDLE_IDENTIFIER = com.zhanlijun.TableViewSelect;
				PRODUCT_NAME = "$(TARGET_NAME)";
			};
			name = Debug;
		};
		A2BFEDE51D98B88B00D217C2 /* Release */ = {
			isa = XCBuildConfiguration;
			buildSettings = {
				ASSETCATALOG_COMPILER_APPICON_NAME = AppIcon;
				INFOPLIST_FILE = TableViewSelect/Info.plist;
				LD_RUNPATH_SEARCH_PATHS = "$(inherited) @executable_path/Frameworks";
				PRODUCT_BUNDLE_IDENTIFIER = com.zhanlijun.TableViewSelect;
				PRODUCT_NAME = "$(TARGET_NAME)";
			};
			name = Release;
		};
		A2BFEDE71D98B88B00D217C2 /* Debug */ = {
			isa = XCBuildConfiguration;
			buildSettings = {
				BUNDLE_LOADER = "$(TEST_HOST)";
				INFOPLIST_FILE = TableViewSelectTests/Info.plist;
				LD_RUNPATH_SEARCH_PATHS = "$(inherited) @executable_path/Frameworks @loader_path/Frameworks";
				PRODUCT_BUNDLE_IDENTIFIER = com.zhanlijun.TableViewSelectTests;
				PRODUCT_NAME = "$(TARGET_NAME)";
				TEST_HOST = "$(BUILT_PRODUCTS_DIR)/TableViewSelect.app/TableViewSelect";
			};
			name = Debug;
		};
		A2BFEDE81D98B88B00D217C2 /* Release */ = {
			isa = XCBuildConfiguration;
			buildSettings = {
				BUNDLE_LOADER = "$(TEST_HOST)";
				INFOPLIST_FILE = TableViewSelectTests/Info.plist;
				LD_RUNPATH_SEARCH_PATHS = "$(inherited) @executable_path/Frameworks @loader_path/Frameworks";
				PRODUCT_BUNDLE_IDENTIFIER = com.zhanlijun.TableViewSelectTests;
				PRODUCT_NAME = "$(TARGET_NAME)";
				TEST_HOST = "$(BUILT_PRODUCTS_DIR)/TableViewSelect.app/TableViewSelect";
			};
			name = Release;
		};
		A2BFEDEA1D98B88B00D217C2 /* Debug */ = {
			isa = XCBuildConfiguration;
			buildSettings = {
				INFOPLIST_FILE = TableViewSelectUITests/Info.plist;
				LD_RUNPATH_SEARCH_PATHS = "$(inherited) @executable_path/Frameworks @loader_path/Frameworks";
				PRODUCT_BUNDLE_IDENTIFIER = com.zhanlijun.TableViewSelectUITests;
				PRODUCT_NAME = "$(TARGET_NAME)";
				TEST_TARGET_NAME = TableViewSelect;
			};
			name = Debug;
		};
		A2BFEDEB1D98B88B00D217C2 /* Release */ = {
			isa = XCBuildConfiguration;
			buildSettings = {
				INFOPLIST_FILE = TableViewSelectUITests/Info.plist;
				LD_RUNPATH_SEARCH_PATHS = "$(inherited) @executable_path/Frameworks @loader_path/Frameworks";
				PRODUCT_BUNDLE_IDENTIFIER = com.zhanlijun.TableViewSelectUITests;
				PRODUCT_NAME = "$(TARGET_NAME)";
				TEST_TARGET_NAME = TableViewSelect;
			};
			name = Release;
		};
/* End XCBuildConfiguration section */

/* Begin XCConfigurationList section */
		A2BFEDB11D98B88B00D217C2 /* Build configuration list for PBXProject "TableViewSelect" */ = {
			isa = XCConfigurationList;
			buildConfigurations = (
				A2BFEDE11D98B88B00D217C2 /* Debug */,
				A2BFEDE21D98B88B00D217C2 /* Release */,
			);
			defaultConfigurationIsVisible = 0;
			defaultConfigurationName = Release;
		};
		A2BFEDE31D98B88B00D217C2 /* Build configuration list for PBXNativeTarget "TableViewSelect" */ = {
			isa = XCConfigurationList;
			buildConfigurations = (
				A2BFEDE41D98B88B00D217C2 /* Debug */,
				A2BFEDE51D98B88B00D217C2 /* Release */,
			);
			defaultConfigurationIsVisible = 0;
			defaultConfigurationName = Release;
		};
		A2BFEDE61D98B88B00D217C2 /* Build configuration list for PBXNativeTarget "TableViewSelectTests" */ = {
			isa = XCConfigurationList;
			buildConfigurations = (
				A2BFEDE71D98B88B00D217C2 /* Debug */,
				A2BFEDE81D98B88B00D217C2 /* Release */,
			);
			defaultConfigurationIsVisible = 0;
			defaultConfigurationName = Release;
		};
		A2BFEDE91D98B88B00D217C2 /* Build configuration list for PBXNativeTarget "TableViewSelectUITests" */ = {
			isa = XCConfigurationList;
			buildConfigurations = (
				A2BFEDEA1D98B88B00D217C2 /* Debug */,
				A2BFEDEB1D98B88B00D217C2 /* Release */,
			);
			defaultConfigurationIsVisible = 0;
			defaultConfigurationName = Release;
		};
/* End XCConfigurationList section */
	};
	rootObject = A2BFEDAE1D98B88B00D217C2 /* Project object */;
}
